
Microsoft Visual Studio Solution File, Format Version 12.00
# Visual Studio Express 2012 for Windows Desktop
Project("{FAE04EC0-301F-11D3-BF4B-00C04F79EFBC}") = "PRMasterServer", "PRMasterServer\PRMasterServer.csproj", "{64BC01A8-FCD2-4AB7-8811-3200F83AE124}"
EndProject
Project("{2150E333-8FDC-42A3-9474-1A3956D46DE8}") = ".nuget", ".nuget", "{13A3CA56-09D8-474B-9944-677FF9AEE98B}"
	ProjectSection(SolutionItems) = preProject
		.nuget\NuGet.Config = .nuget\NuGet.Config
		.nuget\NuGet.exe = .nuget\NuGet.exe
		.nuget\NuGet.targets = .nuget\NuGet.targets
	EndProjectSection
EndProject
Global
	GlobalSection(SolutionConfigurationPlatforms) = preSolution
		Debug|Any CPU = Debug|Any CPU
		Release|Any CPU = Release|Any CPU
	EndGlobalSection
	GlobalSection(ProjectConfigurationPlatforms) = postSolution
		{64BC01A8-FCD2-4AB7-8811-3200F83AE124}.Debug|Any CPU.ActiveCfg = Debug|Any CPU
		{64BC01A8-FCD2-4AB7-8811-3200F83AE124}.Debug|Any CPU.Build.0 = Debug|Any CPU
		{64BC01A8-FCD2-4AB7-8811-3200F83AE124}.Release|Any CPU.ActiveCfg = Release|Any CPU
		{64BC01A8-FCD2-4AB7-8811-3200F83AE124}.Release|Any CPU.Build.0 = Release|Any CPU
	EndGlobalSection
	GlobalSection(SolutionProperties) = preSolution
		HideSolutionNode = FALSE
	EndGlobalSection
EndGlobal
